# THIS IS AN AUTOGENERATED FILE. DO NOT EDIT THIS FILE DIRECTLY.
# yarn lockfile v1


react-freeze@^1.0.0:
  version "1.0.4"
  resolved "https://registry.yarnpkg.com/react-freeze/-/react-freeze-1.0.4.tgz#cbbea2762b0368b05cbe407ddc9d518c57c6f3ad"
  integrity sha512-r4F0Sec0BLxWicc7HEyo2x3/2icUTrRmDjaaRyzzn+7aDyFZliszMDOgLVwSnQnYENOlL1o569Ze2HZefk8clA==

react-native-safe-area-context@^5.6.2:
  version "5.6.2"
  resolved "https://registry.yarnpkg.com/react-native-safe-area-context/-/react-native-safe-area-context-5.6.2.tgz#283e006f5b434fb247fcb4be0971ad7473d5c560"
  integrity sha512-4XGqMNj5qjUTYywJqpdWZ9IG8jgkS3h06sfVjfw5yZQZfWnRFXczi0GnYyFyCc2EBps/qFmoCH8fez//WumdVg==

react-native-screens@^4.22.0:
  version "4.22.0"
  resolved "https://registry.yarnpkg.com/react-native-screens/-/react-native-screens-4.22.0.tgz#2e904bdb6227a355a78065f165f4e882315cb641"
  integrity sha512-f1AtzxmgZlKeoioWzdNdQ/4SuqZ/w370KCBnA666pN8UZ33X4PkVJ/9v9y2y5sj0cXKEcgeN3Br9lmeDRQ735A==
  dependencies:
    react-freeze "^1.0.0"
    warn-once "^0.1.0"

warn-once@^0.1.0:
  version "0.1.1"
  resolved "https://registry.yarnpkg.com/warn-once/-/warn-once-0.1.1.tgz#952088f4fb56896e73fd4e6a3767272a3fccce43"
  integrity sha512-VkQZJbO8zVImzYFteBXvBOZEl1qL175WH8VmZcxF2fZAoudNhNDvHi+doCaAEdU2l2vtcIwa2zn0QK5+I1HQ3Q==
